
Microsoft Visual Studio Solution File, Format Version 12.00
# Visual Studio 14
VisualStudioVersion = 14.0.25420.1
MinimumVisualStudioVersion = 10.0.40219.1
Project("{FAE04EC0-301F-11D3-BF4B-00C04F79EFBC}") = "EncryptMessangerClient", "EncryptMessangerClient\EncryptMessangerClient.csproj", "{CAD71D8F-E48F-4530-AD04-E4FFD93D70F1}"
EndProject
Project("{FAE04EC0-301F-11D3-BF4B-00C04F79EFBC}") = "EncryptMessanger.dll", "EncryptMessanger.dll\EncryptMessanger.dll.csproj", "{B6283A3D-3DC0-4834-A480-1D093E531311}"
EndProject
Global
	GlobalSection(SolutionConfigurationPlatforms) = preSolution
		Debug|Any CPU = Debug|Any CPU
		Release|Any CPU = Release|Any CPU
	EndGlobalSection
	GlobalSection(ProjectConfigurationPlatforms) = postSolution
		{CAD71D8F-E48F-4530-AD04-E4FFD93D70F1}.Debug|Any CPU.ActiveCfg = Debug|Any CPU
		{CAD71D8F-E48F-4530-AD04-E4FFD93D70F1}.Debug|Any CPU.Build.0 = Debug|Any CPU
		{CAD71D8F-E48F-4530-AD04-E4FFD93D70F1}.Release|Any CPU.ActiveCfg = Release|Any CPU
		{CAD71D8F-E48F-4530-AD04-E4FFD93D70F1}.Release|Any CPU.Build.0 = Release|Any CPU
		{B6283A3D-3DC0-4834-A480-1D093E531311}.Debug|Any CPU.ActiveCfg = Debug|Any CPU
		{B6283A3D-3DC0-4834-A480-1D093E531311}.Debug|Any CPU.Build.0 = Debug|Any CPU
		{B6283A3D-3DC0-4834-A480-1D093E531311}.Release|Any CPU.ActiveCfg = Release|Any CPU
		{B6283A3D-3DC0-4834-A480-1D093E531311}.Release|Any CPU.Build.0 = Release|Any CPU
	EndGlobalSection
	GlobalSection(SolutionProperties) = preSolution
		HideSolutionNode = FALSE
	EndGlobalSection
EndGlobal
